
Microsoft Visual Studio Solution File, Format Version 12.00
# Visual Studio Version 17
VisualStudioVersion = 17.8.34330.188
MinimumVisualStudioVersion = 10.0.40219.1
Project("{9A19103F-16F7-4668-BE54-9A1E7A4F7556}") = "Task.Manager.Api", "src\Task.Manager.Api\Task.Manager.Api.csproj", "{7E88EC5A-4631-427E-A819-019CB0C83E5D}"
EndProject
Project("{FAE04EC0-301F-11D3-BF4B-00C04F79EFBC}") = "Task.Manager.Domain", "src\Task.Manager.Domain\Task.Manager.Domain.csproj", "{8F848CCD-B145-4158-A073-CF1E47883960}"
EndProject
Project("{2150E333-8FDC-42A3-9474-1A3956D46DE8}") = "01 - Presentation", "01 - Presentation", "{D31F6ED6-07BF-4793-B91F-5280922A90B6}"
EndProject
Project("{2150E333-8FDC-42A3-9474-1A3956D46DE8}") = "02 - Domain", "02 - Domain", "{E121772E-F05B-4D45-B1C1-E1DB233DDDA1}"
EndProject
Project("{2150E333-8FDC-42A3-9474-1A3956D46DE8}") = "03 - Infra", "03 - Infra", "{3FEA3650-FD90-46AB-A987-7621E2FA816D}"
EndProject
Project("{2150E333-8FDC-42A3-9474-1A3956D46DE8}") = "04 - CrossCutting", "04 - CrossCutting", "{EB4EE458-B468-4D45-87A5-F2ADE1AE5268}"
EndProject
Project("{2150E333-8FDC-42A3-9474-1A3956D46DE8}") = "98 - Tests", "98 - Tests", "{47AF3E52-29D8-4DE5-8E33-584885EBD388}"
EndProject
Project("{FAE04EC0-301F-11D3-BF4B-00C04F79EFBC}") = "Task.Manager.Data", "src\Task.Manager.Data\Task.Manager.Data.csproj", "{5105AC44-AA0A-4086-B76D-59587E4EF796}"
EndProject
Project("{FAE04EC0-301F-11D3-BF4B-00C04F79EFBC}") = "Task.Manager.IoC", "src\Task.Manager.IoC\Task.Manager.IoC.csproj", "{EBA50024-F643-4177-8CDE-BC3034BD8FF1}"
EndProject
Project("{FAE04EC0-301F-11D3-BF4B-00C04F79EFBC}") = "Task.Manager.Domain.Tests", "tests\Task.Manager.Domain.Tests\Task.Manager.Domain.Tests.csproj", "{635C85C6-CC7F-428B-AEC1-074C0206F1AF}"
EndProject
Global
	GlobalSection(SolutionConfigurationPlatforms) = preSolution
		Debug|Any CPU = Debug|Any CPU
		Release|Any CPU = Release|Any CPU
	EndGlobalSection
	GlobalSection(ProjectConfigurationPlatforms) = postSolution
		{7E88EC5A-4631-427E-A819-019CB0C83E5D}.Debug|Any CPU.ActiveCfg = Debug|Any CPU
		{7E88EC5A-4631-427E-A819-019CB0C83E5D}.Debug|Any CPU.Build.0 = Debug|Any CPU
		{7E88EC5A-4631-427E-A819-019CB0C83E5D}.Release|Any CPU.ActiveCfg = Release|Any CPU
		{7E88EC5A-4631-427E-A819-019CB0C83E5D}.Release|Any CPU.Build.0 = Release|Any CPU
		{8F848CCD-B145-4158-A073-CF1E47883960}.Debug|Any CPU.ActiveCfg = Debug|Any CPU
		{8F848CCD-B145-4158-A073-CF1E47883960}.Debug|Any CPU.Build.0 = Debug|Any CPU
		{8F848CCD-B145-4158-A073-CF1E47883960}.Release|Any CPU.ActiveCfg = Release|Any CPU
		{8F848CCD-B145-4158-A073-CF1E47883960}.Release|Any CPU.Build.0 = Release|Any CPU
		{5105AC44-AA0A-4086-B76D-59587E4EF796}.Debug|Any CPU.ActiveCfg = Debug|Any CPU
		{5105AC44-AA0A-4086-B76D-59587E4EF796}.Debug|Any CPU.Build.0 = Debug|Any CPU
		{5105AC44-AA0A-4086-B76D-59587E4EF796}.Release|Any CPU.ActiveCfg = Release|Any CPU
		{5105AC44-AA0A-4086-B76D-59587E4EF796}.Release|Any CPU.Build.0 = Release|Any CPU
		{EBA50024-F643-4177-8CDE-BC3034BD8FF1}.Debug|Any CPU.ActiveCfg = Debug|Any CPU
		{EBA50024-F643-4177-8CDE-BC3034BD8FF1}.Debug|Any CPU.Build.0 = Debug|Any CPU
		{EBA50024-F643-4177-8CDE-BC3034BD8FF1}.Release|Any CPU.ActiveCfg = Release|Any CPU
		{EBA50024-F643-4177-8CDE-BC3034BD8FF1}.Release|Any CPU.Build.0 = Release|Any CPU
		{635C85C6-CC7F-428B-AEC1-074C0206F1AF}.Debug|Any CPU.ActiveCfg = Debug|Any CPU
		{635C85C6-CC7F-428B-AEC1-074C0206F1AF}.Debug|Any CPU.Build.0 = Debug|Any CPU
		{635C85C6-CC7F-428B-AEC1-074C0206F1AF}.Release|Any CPU.ActiveCfg = Release|Any CPU
		{635C85C6-CC7F-428B-AEC1-074C0206F1AF}.Release|Any CPU.Build.0 = Release|Any CPU
	EndGlobalSection
	GlobalSection(SolutionProperties) = preSolution
		HideSolutionNode = FALSE
	EndGlobalSection
	GlobalSection(NestedProjects) = preSolution
		{7E88EC5A-4631-427E-A819-019CB0C83E5D} = {D31F6ED6-07BF-4793-B91F-5280922A90B6}
		{8F848CCD-B145-4158-A073-CF1E47883960} = {E121772E-F05B-4D45-B1C1-E1DB233DDDA1}
		{5105AC44-AA0A-4086-B76D-59587E4EF796} = {3FEA3650-FD90-46AB-A987-7621E2FA816D}
		{EBA50024-F643-4177-8CDE-BC3034BD8FF1} = {EB4EE458-B468-4D45-87A5-F2ADE1AE5268}
		{635C85C6-CC7F-428B-AEC1-074C0206F1AF} = {47AF3E52-29D8-4DE5-8E33-584885EBD388}
	EndGlobalSection
	GlobalSection(ExtensibilityGlobals) = postSolution
		SolutionGuid = {AE4B0B55-7AF0-4A96-AF26-68E840D492C1}
	EndGlobalSection
EndGlobal
